{
  "name": "sketch-plugin-demos",
  "version": "1.0.0",
  "lockfileVersion": 1,
  "requires": true,
  "dependencies": {
    "mocha-js-delegate": {
      "version": "0.2.0",
      "resolved": "https://registry.npm.taobao.org/mocha-js-delegate/download/mocha-js-delegate-0.2.0.tgz",
      "integrity": "sha1-PsJr3bvhBrJZ/GLo270tNtgHIfQ="
    },
    "sketch-module-web-view": {
      "version": "3.4.1",
      "resolved": "https://registry.npm.taobao.org/sketch-module-web-view/download/sketch-module-web-view-3.4.1.tgz",
      "integrity": "sha1-2aVkbXhN5hCjSvISwDtcH/D4N4g=",
      "requires": {
        "mocha-js-delegate": "^0.2.0"
      }
    }
  }
}
